// !$*UTF8*$!
{
	archiveVersion = 1;
	classes = {
	};
	objectVersion = 46;
	objects = {

/* Begin PBXBuildFile section */
		6AE657BF1995446D0044B325 /* Foundation.framework in Frameworks */ = {isa = PBXBuildFile; fileRef = 6AE657BE1995446D0044B325 /* Foundation.framework */; };
		6AE657C11995446D0044B325 /* CoreGraphics.framework in Frameworks */ = {isa = PBXBuildFile; fileRef = 6AE657C01995446D0044B325 /* CoreGraphics.framework */; };
		6AE657C31995446D0044B325 /* UIKit.framework in Frameworks */ = {isa = PBXBuildFile; fileRef = 6AE657C21995446D0044B325 /* UIKit.framework */; };
		6AE657C91995446D0044B325 /* InfoPlist.strings in Resources */ = {isa = PBXBuildFile; fileRef = 6AE657C71995446D0044B325 /* InfoPlist.strings */; };
		6AE657CB1995446D0044B325 /* main.m in Sources */ = {isa = PBXBuildFile; fileRef = 6AE657CA1995446D0044B325 /* main.m */; };
		6AE657CF1995446D0044B325 /* BCAppDelegate.m in Sources */ = {isa = PBXBuildFile; fileRef = 6AE657CE1995446D0044B325 /* BCAppDelegate.m */; };
		6AE657D11995446D0044B325 /* Images.xcassets in Resources */ = {isa = PBXBuildFile; fileRef = 6AE657D01995446D0044B325 /* Images.xcassets */; };
		6AE657D81995446D0044B325 /* XCTest.framework in Frameworks */ = {isa = PBXBuildFile; fileRef = 6AE657D71995446D0044B325 /* XCTest.framework */; };
		6AE657D91995446D0044B325 /* Foundation.framework in Frameworks */ = {isa = PBXBuildFile; fileRef = 6AE657BE1995446D0044B325 /* Foundation.framework */; };
		6AE657DA1995446D0044B325 /* UIKit.framework in Frameworks */ = {isa = PBXBuildFile; fileRef = 6AE657C21995446D0044B325 /* UIKit.framework */; };
		6AE657E21995446D0044B325 /* InfoPlist.strings in Resources */ = {isa = PBXBuildFile; fileRef = 6AE657E01995446D0044B325 /* InfoPlist.strings */; };
		6AE657E41995446D0044B325 /* TransitionBugTests.m in Sources */ = {isa = PBXBuildFile; fileRef = 6AE657E31995446D0044B325 /* TransitionBugTests.m */; };
/* End PBXBuildFile section */

/* Begin PBXContainerItemProxy section */
		6AE657DB1995446D0044B325 /* PBXContainerItemProxy */ = {
			isa = PBXContainerItemProxy;
			containerPortal = 6AE657B31995446C0044B325 /* Project object */;
			proxyType = 1;
			remoteGlobalIDString = 6AE657BA1995446C0044B325;
			remoteInfo = TransitionBug;
		};
/* End PBXContainerItemProxy section */

/* Begin PBXFileReference section */
		6AE657BB1995446D0044B325 /* TransitionBug.app */ = {isa = PBXFileReference; explicitFileType = wrapper.application; includeInIndex = 0; path = TransitionBug.app; sourceTree = BUILT_PRODUCTS_DIR; };
		6AE657BE1995446D0044B325 /* Foundation.framework */ = {isa = PBXFileReference; lastKnownFileType = wrapper.framework; name = Foundation.framework; path = System/Library/Frameworks/Foundation.framework; sourceTree = SDKROOT; };
		6AE657C01995446D0044B325 /* CoreGraphics.framework */ = {isa = PBXFileReference; lastKnownFileType = wrapper.framework; name = CoreGraphics.framework; path = System/Library/Frameworks/CoreGraphics.framework; sourceTree = SDKROOT; };
		6AE657C21995446D0044B325 /* UIKit.framework */ = {isa = PBXFileReference; lastKnownFileType = wrapper.framework; name = UIKit.framework; path = System/Library/Frameworks/UIKit.framework; sourceTree = SDKROOT; };
		6AE657C61995446D0044B325 /* TransitionBug-Info.plist */ = {isa = PBXFileReference; lastKnownFileType = text.plist.xml; path = "TransitionBug-Info.plist"; sourceTree = "<group>"; };
		6AE657C81995446D0044B325 /* en */ = {isa = PBXFileReference; lastKnownFileType = text.plist.strings; name = en; path = en.lproj/InfoPlist.strings; sourceTree = "<group>"; };
		6AE657CA1995446D0044B325 /* main.m */ = {isa = PBXFileReference; lastKnownFileType = sourcecode.c.objc; path = main.m; sourceTree = "<group>"; };
		6AE657CC1995446D0044B325 /* TransitionBug-Prefix.pch */ = {isa = PBXFileReference; lastKnownFileType = sourcecode.c.h; path = "TransitionBug-Prefix.pch"; sourceTree = "<group>"; };
		6AE657CD1995446D0044B325 /* BCAppDelegate.h */ = {isa = PBXFileReference; lastKnownFileType = sourcecode.c.h; path = BCAppDelegate.h; sourceTree = "<group>"; };
		6AE657CE1995446D0044B325 /* BCAppDelegate.m */ = {isa = PBXFileReference; lastKnownFileType = sourcecode.c.objc; path = BCAppDelegate.m; sourceTree = "<group>"; };
		6AE657D01995446D0044B325 /* Images.xcassets */ = {isa = PBXFileReference; lastKnownFileType = folder.assetcatalog; path = Images.xcassets; sourceTree = "<group>"; };
		6AE657D61995446D0044B325 /* TransitionBugTests.xctest */ = {isa = PBXFileReference; explicitFileType = wrapper.cfbundle; includeInIndex = 0; path = TransitionBugTests.xctest; sourceTree = BUILT_PRODUCTS_DIR; };
		6AE657D71995446D0044B325 /* XCTest.framework */ = {isa = PBXFileReference; lastKnownFileType = wrapper.framework; name = XCTest.framework; path = Library/Frameworks/XCTest.framework; sourceTree = DEVELOPER_DIR; };
		6AE657DF1995446D0044B325 /* TransitionBugTests-Info.plist */ = {isa = PBXFileReference; lastKnownFileType = text.plist.xml; path = "TransitionBugTests-Info.plist"; sourceTree = "<group>"; };
		6AE657E11995446D0044B325 /* en */ = {isa = PBXFileReference; lastKnownFileType = text.plist.strings; name = en; path = en.lproj/InfoPlist.strings; sourceTree = "<group>"; };
		6AE657E31995446D0044B325 /* TransitionBugTests.m */ = {isa = PBXFileReference; lastKnownFileType = sourcecode.c.objc; path = TransitionBugTests.m; sourceTree = "<group>"; };
/* End PBXFileReference section */

/* Begin PBXFrameworksBuildPhase section */
		6AE657B81995446C0044B325 /* Frameworks */ = {
			isa = PBXFrameworksBuildPhase;
			buildActionMask = 2147483647;
			files = (
				6AE657C11995446D0044B325 /* CoreGraphics.framework in Frameworks */,
				6AE657C31995446D0044B325 /* UIKit.framework in Frameworks */,
				6AE657BF1995446D0044B325 /* Foundation.framework in Frameworks */,
			);
			runOnlyForDeploymentPostprocessing = 0;
		};
		6AE657D31995446D0044B325 /* Frameworks */ = {
			isa = PBXFrameworksBuildPhase;
			buildActionMask = 2147483647;
			files = (
				6AE657D81995446D0044B325 /* XCTest.framework in Frameworks */,
				6AE657DA1995446D0044B325 /* UIKit.framework in Frameworks */,
				6AE657D91995446D0044B325 /* Foundation.framework in Frameworks */,
			);
			runOnlyForDeploymentPostprocessing = 0;
		};
/* End PBXFrameworksBuildPhase section */

/* Begin PBXGroup section */
		6AE657B21995446C0044B325 = {
			isa = PBXGroup;
			children = (
				6AE657C41995446D0044B325 /* TransitionBug */,
				6AE657DD1995446D0044B325 /* TransitionBugTests */,
				6AE657BD1995446D0044B325 /* Frameworks */,
				6AE657BC1995446D0044B325 /* Products */,
			);
			sourceTree = "<group>";
		};
		6AE657BC1995446D0044B325 /* Products */ = {
			isa = PBXGroup;
			children = (
				6AE657BB1995446D0044B325 /* TransitionBug.app */,
				6AE657D61995446D0044B325 /* TransitionBugTests.xctest */,
			);
			name = Products;
			sourceTree = "<group>";
		};
		6AE657BD1995446D0044B325 /* Frameworks */ = {
			isa = PBXGroup;
			children = (
				6AE657BE1995446D0044B325 /* Foundation.framework */,
				6AE657C01995446D0044B325 /* CoreGraphics.framework */,
				6AE657C21995446D0044B325 /* UIKit.framework */,
				6AE657D71995446D0044B325 /* XCTest.framework */,
			);
			name = Frameworks;
			sourceTree = "<group>";
		};
		6AE657C41995446D0044B325 /* TransitionBug */ = {
			isa = PBXGroup;
			children = (
				6AE657CD1995446D0044B325 /* BCAppDelegate.h */,
				6AE657CE1995446D0044B325 /* BCAppDelegate.m */,
				6AE657D01995446D0044B325 /* Images.xcassets */,
				6AE657C51995446D0044B325 /* Supporting Files */,
			);
			path = TransitionBug;
			sourceTree = "<group>";
		};
		6AE657C51995446D0044B325 /* Supporting Files */ = {
			isa = PBXGroup;
			children = (
				6AE657C61995446D0044B325 /* TransitionBug-Info.plist */,
				6AE657C71995446D0044B325 /* InfoPlist.strings */,
				6AE657CA1995446D0044B325 /* main.m */,
				6AE657CC1995446D0044B325 /* TransitionBug-Prefix.pch */,
			);
			name = "Supporting Files";
			sourceTree = "<group>";
		};
		6AE657DD1995446D0044B325 /* TransitionBugTests */ = {
			isa = PBXGroup;
			children = (
				6AE657E31995446D0044B325 /* TransitionBugTests.m */,
				6AE657DE1995446D0044B325 /* Supporting Files */,
			);
			path = TransitionBugTests;
			sourceTree = "<group>";
		};
		6AE657DE1995446D0044B325 /* Supporting Files */ = {
			isa = PBXGroup;
			children = (
				6AE657DF1995446D0044B325 /* TransitionBugTests-Info.plist */,
				6AE657E01995446D0044B325 /* InfoPlist.strings */,
			);
			name = "Supporting Files";
			sourceTree = "<group>";
		};
/* End PBXGroup section */

/* Begin PBXNativeTarget section */
		6AE657BA1995446C0044B325 /* TransitionBug */ = {
			isa = PBXNativeTarget;
			buildConfigurationList = 6AE657E71995446D0044B325 /* Build configuration list for PBXNativeTarget "TransitionBug" */;
			buildPhases = (
				6AE657B71995446C0044B325 /* Sources */,
				6AE657B81995446C0044B325 /* Frameworks */,
				6AE657B91995446C0044B325 /* Resources */,
			);
			buildRules = (
			);
			dependencies = (
			);
			name = TransitionBug;
			productName = TransitionBug;
			productReference = 6AE657BB1995446D0044B325 /* TransitionBug.app */;
			productType = "com.apple.product-type.application";
		};
		6AE657D51995446D0044B325 /* TransitionBugTests */ = {
			isa = PBXNativeTarget;
			buildConfigurationList = 6AE657EA1995446D0044B325 /* Build configuration list for PBXNativeTarget "TransitionBugTests" */;
			buildPhases = (
				6AE657D21995446D0044B325 /* Sources */,
				6AE657D31995446D0044B325 /* Frameworks */,
				6AE657D41995446D0044B325 /* Resources */,
			);
			buildRules = (
			);
			dependencies = (
				6AE657DC1995446D0044B325 /* PBXTargetDependency */,
			);
			name = TransitionBugTests;
			productName = TransitionBugTests;
			productReference = 6AE657D61995446D0044B325 /* TransitionBugTests.xctest */;
			productType = "com.apple.product-type.bundle.unit-test";
		};
/* End PBXNativeTarget section */

/* Begin PBXProject section */
		6AE657B31995446C0044B325 /* Project object */ = {
			isa = PBXProject;
			attributes = {
				CLASSPREFIX = BC;
				LastUpgradeCheck = 0510;
				ORGANIZATIONNAME = "Ben Cherry";
				TargetAttributes = {
					6AE657D51995446D0044B325 = {
						TestTargetID = 6AE657BA1995446C0044B325;
					};
				};
			};
			buildConfigurationList = 6AE657B61995446C0044B325 /* Build configuration list for PBXProject "TransitionBug" */;
			compatibilityVersion = "Xcode 3.2";
			developmentRegion = English;
			hasScannedForEncodings = 0;
			knownRegions = (
				en,
			);
			mainGroup = 6AE657B21995446C0044B325;
			productRefGroup = 6AE657BC1995446D0044B325 /* Products */;
			projectDirPath = "";
			projectRoot = "";
			targets = (
				6AE657BA1995446C0044B325 /* TransitionBug */,
				6AE657D51995446D0044B325 /* TransitionBugTests */,
			);
		};
/* End PBXProject section */

/* Begin PBXResourcesBuildPhase section */
		6AE657B91995446C0044B325 /* Resources */ = {
			isa = PBXResourcesBuildPhase;
			buildActionMask = 2147483647;
			files = (
				6AE657C91995446D0044B325 /* InfoPlist.strings in Resources */,
				6AE657D11995446D0044B325 /* Images.xcassets in Resources */,
			);
			runOnlyForDeploymentPostprocessing = 0;
		};
		6AE657D41995446D0044B325 /* Resources */ = {
			isa = PBXResourcesBuildPhase;
			buildActionMask = 2147483647;
			files = (
				6AE657E21995446D0044B325 /* InfoPlist.strings in Resources */,
			);
			runOnlyForDeploymentPostprocessing = 0;
		};
/* End PBXResourcesBuildPhase section */

/* Begin PBXSourcesBuildPhase section */
		6AE657B71995446C0044B325 /* Sources */ = {
			isa = PBXSourcesBuildPhase;
			buildActionMask = 2147483647;
			files = (
				6AE657CB1995446D0044B325 /* main.m in Sources */,
				6AE657CF1995446D0044B325 /* BCAppDelegate.m in Sources */,
			);
			runOnlyForDeploymentPostprocessing = 0;
		};
		6AE657D21995446D0044B325 /* Sources */ = {
			isa = PBXSourcesBuildPhase;
			buildActionMask = 2147483647;
			files = (
				6AE657E41995446D0044B325 /* TransitionBugTests.m in Sources */,
			);
			runOnlyForDeploymentPostprocessing = 0;
		};
/* End PBXSourcesBuildPhase section */

/* Begin PBXTargetDependency section */
		6AE657DC1995446D0044B325 /* PBXTargetDependency */ = {
			isa = PBXTargetDependency;
			target = 6AE657BA1995446C0044B325 /* TransitionBug */;
			targetProxy = 6AE657DB1995446D0044B325 /* PBXContainerItemProxy */;
		};
/* End PBXTargetDependency section */

/* Begin PBXVariantGroup section */
		6AE657C71995446D0044B325 /* InfoPlist.strings */ = {
			isa = PBXVariantGroup;
			children = (
				6AE657C81995446D0044B325 /* en */,
			);
			name = InfoPlist.strings;
			sourceTree = "<group>";
		};
		6AE657E01995446D0044B325 /* InfoPlist.strings */ = {
			isa = PBXVariantGroup;
			children = (
				6AE657E11995446D0044B325 /* en */,
			);
			name = InfoPlist.strings;
			sourceTree = "<group>";
		};
/* End PBXVariantGroup section */

/* Begin XCBuildConfiguration section */
		6AE657E51995446D0044B325 /* Debug */ = {
			isa = XCBuildConfiguration;
			buildSettings = {
				ALWAYS_SEARCH_USER_PATHS = NO;
				CLANG_CXX_LANGUAGE_STANDARD = "gnu++0x";
				CLANG_CXX_LIBRARY = "libc++";
				CLANG_ENABLE_MODULES = YES;
				CLANG_ENABLE_OBJC_ARC = YES;
				CLANG_WARN_BOOL_CONVERSION = YES;
				CLANG_WARN_CONSTANT_CONVERSION = YES;
				CLANG_WARN_DIRECT_OBJC_ISA_USAGE = YES_ERROR;
				CLANG_WARN_EMPTY_BODY = YES;
				CLANG_WARN_ENUM_CONVERSION = YES;
				CLANG_WARN_INT_CONVERSION = YES;
				CLANG_WARN_OBJC_ROOT_CLASS = YES_ERROR;
				CLANG_WARN__DUPLICATE_METHOD_MATCH = YES;
				"CODE_SIGN_IDENTITY[sdk=iphoneos*]" = "iPhone Developer";
				COPY_PHASE_STRIP = NO;
				GCC_C_LANGUAGE_STANDARD = gnu99;
				GCC_DYNAMIC_NO_PIC = NO;
				GCC_OPTIMIZATION_LEVEL = 0;
				GCC_PREPROCESSOR_DEFINITIONS = (
					"DEBUG=1",
					"$(inherited)",
				);
				GCC_SYMBOLS_PRIVATE_EXTERN = NO;
				GCC_WARN_64_TO_32_BIT_CONVERSION = YES;
				GCC_WARN_ABOUT_RETURN_TYPE = YES_ERROR;
				GCC_WARN_UNDECLARED_SELECTOR = YES;
				GCC_WARN_UNINITIALIZED_AUTOS = YES_AGGRESSIVE;
				GCC_WARN_UNUSED_FUNCTION = YES;
				GCC_WARN_UNUSED_VARIABLE = YES;
				IPHONEOS_DEPLOYMENT_TARGET = 7.1;
				ONLY_ACTIVE_ARCH = YES;
				SDKROOT = iphoneos;
			};
			name = Debug;
		};
		6AE657E61995446D0044B325 /* Release */ = {
			isa = XCBuildConfiguration;
			buildSettings = {
				ALWAYS_SEARCH_USER_PATHS = NO;
				CLANG_CXX_LANGUAGE_STANDARD = "gnu++0x";
				CLANG_CXX_LIBRARY = "libc++";
				CLANG_ENABLE_MODULES = YES;
				CLANG_ENABLE_OBJC_ARC = YES;
				CLANG_WARN_BOOL_CONVERSION = YES;
				CLANG_WARN_CONSTANT_CONVERSION = YES;
				CLANG_WARN_DIRECT_OBJC_ISA_USAGE = YES_ERROR;
				CLANG_WARN_EMPTY_BODY = YES;
				CLANG_WARN_ENUM_CONVERSION = YES;
				CLANG_WARN_INT_CONVERSION = YES;
				CLANG_WARN_OBJC_ROOT_CLASS = YES_ERROR;
				CLANG_WARN__DUPLICATE_METHOD_MATCH = YES;
				"CODE_SIGN_IDENTITY[sdk=iphoneos*]" = "iPhone Developer";
				COPY_PHASE_STRIP = YES;
				ENABLE_NS_ASSERTIONS = NO;
				GCC_C_LANGUAGE_STANDARD = gnu99;
				GCC_WARN_64_TO_32_BIT_CONVERSION = YES;
				GCC_WARN_ABOUT_RETURN_TYPE = YES_ERROR;
				GCC_WARN_UNDECLARED_SELECTOR = YES;
				GCC_WARN_UNINITIALIZED_AUTOS = YES_AGGRESSIVE;
				GCC_WARN_UNUSED_FUNCTION = YES;
				GCC_WARN_UNUSED_VARIABLE = YES;
				IPHONEOS_DEPLOYMENT_TARGET = 7.1;
				SDKROOT = iphoneos;
				VALIDATE_PRODUCT = YES;
			};
			name = Release;
		};
		6AE657E81995446D0044B325 /* Debug */ = {
			isa = XCBuildConfiguration;
			buildSettings = {
				ASSETCATALOG_COMPILER_APPICON_NAME = AppIcon;
				ASSETCATALOG_COMPILER_LAUNCHIMAGE_NAME = LaunchImage;
				GCC_PRECOMPILE_PREFIX_HEADER = YES;
				GCC_PREFIX_HEADER = "TransitionBug/TransitionBug-Prefix.pch";
				INFOPLIST_FILE = "TransitionBug/TransitionBug-Info.plist";
				PRODUCT_NAME = "$(TARGET_NAME)";
				WRAPPER_EXTENSION = app;
			};
			name = Debug;
		};
		6AE657E91995446D0044B325 /* Release */ = {
			isa = XCBuildConfiguration;
			buildSettings = {
				ASSETCATALOG_COMPILER_APPICON_NAME = AppIcon;
				ASSETCATALOG_COMPILER_LAUNCHIMAGE_NAME = LaunchImage;
				GCC_PRECOMPILE_PREFIX_HEADER = YES;
				GCC_PREFIX_HEADER = "TransitionBug/TransitionBug-Prefix.pch";
				INFOPLIST_FILE = "TransitionBug/TransitionBug-Info.plist";
				PRODUCT_NAME = "$(TARGET_NAME)";
				WRAPPER_EXTENSION = app;
			};
			name = Release;
		};
		6AE657EB1995446D0044B325 /* Debug */ = {
			isa = XCBuildConfiguration;
			buildSettings = {
				BUNDLE_LOADER = "$(BUILT_PRODUCTS_DIR)/TransitionBug.app/TransitionBug";
				FRAMEWORK_SEARCH_PATHS = (
					"$(SDKROOT)/Developer/Library/Frameworks",
					"$(inherited)",
					"$(DEVELOPER_FRAMEWORKS_DIR)",
				);
				GCC_PRECOMPILE_PREFIX_HEADER = YES;
				GCC_PREFIX_HEADER = "TransitionBug/TransitionBug-Prefix.pch";
				GCC_PREPROCESSOR_DEFINITIONS = (
					"DEBUG=1",
					"$(inherited)",
				);
				INFOPLIST_FILE = "TransitionBugTests/TransitionBugTests-Info.plist";
				PRODUCT_NAME = "$(TARGET_NAME)";
				TEST_HOST = "$(BUNDLE_LOADER)";
				WRAPPER_EXTENSION = xctest;
			};
			name = Debug;
		};
		6AE657EC1995446D0044B325 /* Release */ = {
			isa = XCBuildConfiguration;
			buildSettings = {
				BUNDLE_LOADER = "$(BUILT_PRODUCTS_DIR)/TransitionBug.app/TransitionBug";
				FRAMEWORK_SEARCH_PATHS = (
					"$(SDKROOT)/Developer/Library/Frameworks",
					"$(inherited)",
					"$(DEVELOPER_FRAMEWORKS_DIR)",
				);
				GCC_PRECOMPILE_PREFIX_HEADER = YES;
				GCC_PREFIX_HEADER = "TransitionBug/TransitionBug-Prefix.pch";
				INFOPLIST_FILE = "TransitionBugTests/TransitionBugTests-Info.plist";
				PRODUCT_NAME = "$(TARGET_NAME)";
				TEST_HOST = "$(BUNDLE_LOADER)";
				WRAPPER_EXTENSION = xctest;
			};
			name = Release;
		};
/* End XCBuildConfiguration section */

/* Begin XCConfigurationList section */
		6AE657B61995446C0044B325 /* Build configuration list for PBXProject "TransitionBug" */ = {
			isa = XCConfigurationList;
			buildConfigurations = (
				6AE657E51995446D0044B325 /* Debug */,
				6AE657E61995446D0044B325 /* Release */,
			);
			defaultConfigurationIsVisible = 0;
			defaultConfigurationName = Release;
		};
		6AE657E71995446D0044B325 /* Build configuration list for PBXNativeTarget "TransitionBug" */ = {
			isa = XCConfigurationList;
			buildConfigurations = (
				6AE657E81995446D0044B325 /* Debug */,
				6AE657E91995446D0044B325 /* Release */,
			);
			defaultConfigurationIsVisible = 0;
		};
		6AE657EA1995446D0044B325 /* Build configuration list for PBXNativeTarget "TransitionBugTests" */ = {
			isa = XCConfigurationList;
			buildConfigurations = (
				6AE657EB1995446D0044B325 /* Debug */,
				6AE657EC1995446D0044B325 /* Release */,
			);
			defaultConfigurationIsVisible = 0;
		};
/* End XCConfigurationList section */
	};
	rootObject = 6AE657B31995446C0044B325 /* Project object */;
}
